{
  "meteor": {},
  "dependencies": {
    "basePackages": {
      "bootstrap-cyborg": {
        "version": "0.0.2"
      },
      "font-awesome": {
        "version": "4.0.3"
      },
      "underscore-string-latest": {
        "version": "2.3.3"
      },
      "houston": {
        "git": "https://github.com/gterrono/houston.git",
        "branch": "master"
      },
      "moment": {
        "version": "2.5.1"
      },
      "headers": {
        "version": "0.0.15"
      },
      "reactive-table": {
        "version": "0.1.0"
      },
      "handlebar-helpers": {
        "version": "0.0.9"
      },
      "collection-helpers": {
        "version": "0.2.3"
      },
      "roles": {
        "version": "1.2.6"
      },
      "accounts-entry": {
        "version": "0.5.3"
      },
      "user-session": {
        "version": "0.2.0"
      },
      "mongo-counter": {
        "version": "1.1.0"
      },
      "chosen-package": {
        "version": "0.11.1"
      },
      "moment-timezone": {
        "version": "0.0.1.4"
      },
      "highcharts-with-exporting": {
        "version": "0.1.1"
      }
    },
    "packages": {
      "bootstrap-cyborg": {
        "git": "https://github.com/and-fri/meteor-bootstrap-cyborg.git",
        "tag": "v0.0.2",
        "commit": "d066ef13555ff79ebf99eac058b9f1dc37442060"
      },
      "font-awesome": {
        "git": "https://github.com/nate-strauser/meteor-font-awesome.git",
        "tag": "v4.0.3",
        "commit": "61e9361384347547ae144f8228faa4deffda23db"
      },
      "underscore-string-latest": {
        "git": "https://github.com/TimHeckel/meteor-underscore-string.git",
        "tag": "v2.3.3",
        "commit": "4a5d70eee48fbd90a6e6fc78747250d704a0b3bb"
      },
      "houston": {
        "git": "https://github.com/gterrono/houston.git",
        "branch": "master",
        "commit": "1a5f69cdc7cb2761080c601e2f04275d05985737"
      },
      "moment": {
        "git": "https://github.com/acreeger/meteor-moment.git",
        "tag": "v2.5.1",
        "commit": "8c9bc5d3fc96705057737cb9743d555417f6e551"
      },
      "headers": {
        "git": "https://github.com/gadicohen/meteor-headers.git",
        "tag": "v0.0.15",
        "commit": "0852ea4df6b1314914c4355160d0b0fd61675aea"
      },
      "reactive-table": {
        "git": "https://github.com/ecohealthalliance/reactive-table.git",
        "tag": "v0.1.0",
        "commit": "c75c7b6e3d73a09ccf0940dd2e06956f846ecdbe"
      },
      "handlebar-helpers": {
        "git": "https://github.com/raix/Meteor-handlebar-helpers.git",
        "tag": "v0.0.9",
        "commit": "71e94c99462b8801a34c5363510758b6ff5f5ac7"
      },
      "collection-helpers": {
        "git": "https://github.com/dburles/meteor-collection-helpers.git",
        "tag": "v0.2.3",
        "commit": "52c4c692421acea557fb329f43f65ed11b4832df"
      },
      "roles": {
        "git": "https://github.com/alanning/meteor-roles.git",
        "tag": "v1.2.6",
        "commit": "f2a9058281f8f2fe028767841d7445aadd6893cf"
      },
      "accounts-entry": {
        "git": "https://github.com/BeDifferential/accounts-entry.git",
        "tag": "v0.5.3",
        "commit": "20641be951a1a2e563cd2e6bf552f2cc8fe03984"
      },
      "user-session": {
        "git": "https://github.com/BenjaminRH/meteor-user-session.git",
        "tag": "v0.2.0",
        "commit": "9ce8cb3385f6bc08918dd30313f2251a42e6ff3b"
      },
      "mongo-counter": {
        "git": "https://github.com/awwx/meteor-mongo-counter.git",
        "tag": "v1.1.0",
        "commit": "9a0710543cec7c192e38d5acc54cf3b0a9fbcb20"
      },
      "chosen-package": {
        "git": "https://github.com/Ore4444/chosen-package.git",
        "tag": "v0.11.1",
        "commit": "8d1a748bafaae8b6005a979ab7261ac14ff38052"
      },
      "moment-timezone": {
        "git": "https://github.com/acreeger/meteor-moment-timezone",
        "tag": "v0.0.1.4",
        "commit": "feb364efb1ec0cefb870d5981b2b836b45211455"
      },
      "highcharts-with-exporting": {
        "git": "https://github.com/wahyuaw/meteor-highcharts-with-exporting.git",
        "tag": "v0.1.1",
        "commit": "65a3b3f9bf35a520ddb3e23ef039322447c75125"
      },
      "paginated-subscription": {
        "git": "https://github.com/tmeasday/meteor-paginated-subscription.git",
        "tag": "v0.1.2",
        "commit": "35e0c6112df2b4cfeb60b559276a93cac5ee2dd6"
      },
      "spin": {
        "git": "https://github.com/SachaG/meteor-spin.git",
        "tag": "v0.2.2",
        "commit": "3f655f0016228e4195acc784c45d3e3a247dc39f"
      },
      "iron-router": {
        "git": "https://github.com/EventedMind/iron-router.git",
        "tag": "v0.6.2",
        "commit": "ce56e58b45624dce992490f3a1c10f10d3948bae"
      },
      "just-i18n": {
        "git": "https://github.com/subhog/meteor-just-i18n.git",
        "tag": "v0.1.1",
        "commit": "ce88ac66c0dc107dc2da93ce152616115838101f"
      }
    }
  }
}
