{
  "meteor": {},
  "dependencies": {
    "basePackages": {
      "bootstrap-cyborg": {
        "version": "0.0.2"
      },
      "font-awesome": {
        "version": "4.0.3"
      },
      "knockout": {
        "version": "0.3.0"
      },
      "underscore-string-latest": {
        "version": "2.3.3"
      },
      "houston": {
        "version": "1.0.0"
      },
      "external-file-loader": {
        "version": "0.1.4"
      },
      "moment": {
        "version": "2.2.1"
      }
    },
    "packages": {
      "bootstrap-cyborg": {
        "git": "https://github.com/and-fri/meteor-bootstrap-cyborg.git",
        "tag": "v0.0.2",
        "commit": "d066ef13555ff79ebf99eac058b9f1dc37442060"
      },
      "font-awesome": {
        "git": "https://github.com/nate-strauser/meteor-font-awesome.git",
        "tag": "v4.0.3",
        "commit": "61e9361384347547ae144f8228faa4deffda23db"
      },
      "knockout": {
        "git": "https://github.com/bevanhunt/meteor-knockout.git",
        "tag": "v0.3.0",
        "commit": "47d046d3710c78e94ee3ffddc7d1d6d385b1524b"
      },
      "underscore-string-latest": {
        "git": "https://github.com/TimHeckel/meteor-underscore-string.git",
        "tag": "v2.3.3",
        "commit": "4a5d70eee48fbd90a6e6fc78747250d704a0b3bb"
      },
      "houston": {
        "git": "https://github.com/gterrono/meteor-admin-ui.git",
        "tag": "v1.0.0",
        "commit": "e98660af09cb3e4e90848abfe943a06e7068cccc"
      },
      "external-file-loader": {
        "git": "https://github.com/davidd8/meteor-external-file-loader.git",
        "tag": "v0.1.4",
        "commit": "352694a7cf906b8241161c2fd1435161c1d5409f"
      },
      "moment": {
        "git": "https://github.com/acreeger/meteor-moment.git",
        "tag": "v2.2.1",
        "commit": "9ee12e714afe56b189f53076447b7b54f3012065"
      },
      "paginated-subscription": {
        "git": "https://github.com/tmeasday/meteor-paginated-subscription.git",
        "tag": "v0.1.2",
        "commit": "35e0c6112df2b4cfeb60b559276a93cac5ee2dd6"
      },
      "spin": {
        "git": "https://github.com/SachaG/meteor-spin.git",
        "tag": "v0.2.2",
        "commit": "3f655f0016228e4195acc784c45d3e3a247dc39f"
      },
      "iron-router": {
        "git": "https://github.com/EventedMind/iron-router.git",
        "tag": "v0.6.2",
        "commit": "ce56e58b45624dce992490f3a1c10f10d3948bae"
      }
    }
  }
}
